schema: '2.0'
stages:
  ingest:
    cmd: python src/scripts/data_ingestion.py
    deps:
    - path: src/scripts/data_ingestion.py
      hash: md5
      md5: 32cbefd433e595b3b04152bf7c69778e
      size: 306
    outs:
    - path: artifacts/test.csv
      hash: md5
      md5: 8297f961886d8c4c98cb3d8077cdf484
      size: 11557
    - path: artifacts/train.csv
      hash: md5
      md5: df5f3c37e6cbbb1e229c1e1541fe0b08
      size: 45584
  transform:
    cmd: python src/scripts/data_transformation.py
    deps:
    - path: artifacts/test.csv
      hash: md5
      md5: 8297f961886d8c4c98cb3d8077cdf484
      size: 11557
    - path: artifacts/train.csv
      hash: md5
      md5: df5f3c37e6cbbb1e229c1e1541fe0b08
      size: 45584
    - path: src/scripts/data_transformation.py
      hash: md5
      md5: 4b5109313efa95826f86ac85243f7921
      size: 513
    outs:
    - path: artifacts/test_array.npy
      hash: md5
      md5: 0b88757d9c34d41ee6ca1a80d1efa5e3
      size: 32128
    - path: artifacts/train_array.npy
      hash: md5
      md5: 2d34218a87ab378ed64f823fc6e9b8c0
      size: 128128
  train:
    cmd: python src/scripts/model_trainer.py
    deps:
    - path: artifacts/test_array.npy
      hash: md5
      md5: 0b88757d9c34d41ee6ca1a80d1efa5e3
      size: 32128
    - path: artifacts/train_array.npy
      hash: md5
      md5: 2d34218a87ab378ed64f823fc6e9b8c0
      size: 128128
    - path: src/scripts/model_trainer.py
      hash: md5
      md5: 46cc5c9f462aefcd365791597dd174b5
      size: 690
    outs:
    - path: artifacts/model.pkl
      hash: md5
      md5: ab929bc6be5705bb8917240f6ef8d8b3
      size: 705
    - path: artifacts/model_report.json
      hash: md5
      md5: 56a1e35307b24f7df4b42de5c0cb1738
      size: 399
    - path: artifacts/score.txt
      hash: md5
      md5: c2408db57dd62dc883822a614725f05f
      size: 40
  predict:
    cmd: python src/scripts/predict.py
    deps:
    - path: artifacts/model.pkl
      hash: md5
      md5: ab929bc6be5705bb8917240f6ef8d8b3
      size: 705
    - path: artifacts/preprocessor.pkl
      hash: md5
      md5: 09fef1e4324dd1609d4f58114e876875
      size: 3487
    - path: src/pipeline/predict_pipeline.py
      hash: md5
      md5: ec5077a2d272cb8e4360869451cf7f1b
      size: 2031
    - path: src/scripts/predict.py
      hash: md5
      md5: f92e76863753169265bd93a0be72ef34
      size: 811
    outs:
    - path: artifacts/predictions.csv
      hash: md5
      md5: 028d3a69415d63dccfad17c725c942e9
      size: 31
